// !$*UTF8*$!
{
	archiveVersion = 1;
	classes = {
	};
	objectVersion = 56;
	objects = {

/* Begin PBXBuildFile section */
		B610C25029EC4672001AF42B /* Localizable.strings in Resources */ = {isa = PBXBuildFile; fileRef = B610C25229EC4672001AF42B /* Localizable.strings */; };
		B610C25529EC526D001AF42B /* Strings.swift in Sources */ = {isa = PBXBuildFile; fileRef = B610C25429EC526D001AF42B /* Strings.swift */; };
		B612F1DC29FFEE2F006041CF /* PaintingCollectionViewCell.swift in Sources */ = {isa = PBXBuildFile; fileRef = B612F1DB29FFEE2F006041CF /* PaintingCollectionViewCell.swift */; };
		B612F1DF2A02443E006041CF /* MainPresenter.swift in Sources */ = {isa = PBXBuildFile; fileRef = B612F1DE2A02443E006041CF /* MainPresenter.swift */; };
		B612F1E12A024451006041CF /* MainViewController.swift in Sources */ = {isa = PBXBuildFile; fileRef = B612F1E02A024451006041CF /* MainViewController.swift */; };
		B612F1E32A02446C006041CF /* MainModuleBilder.swift in Sources */ = {isa = PBXBuildFile; fileRef = B612F1E22A02446C006041CF /* MainModuleBilder.swift */; };
		B614025729EB027F0044DA2D /* SplashModuleBuilder.swift in Sources */ = {isa = PBXBuildFile; fileRef = B614025629EB027F0044DA2D /* SplashModuleBuilder.swift */; };
		B617893C29F7D9410085E079 /* CustomButton.swift in Sources */ = {isa = PBXBuildFile; fileRef = B617893B29F7D9400085E079 /* CustomButton.swift */; };
		B639ECE129F298CE007FD55D /* RFTone-Regular.ttf in Resources */ = {isa = PBXBuildFile; fileRef = B639ECE029F298CE007FD55D /* RFTone-Regular.ttf */; };
		B639ECE329F29D3B007FD55D /* RFTone-Bold.ttf in Resources */ = {isa = PBXBuildFile; fileRef = B639ECE229F29D3A007FD55D /* RFTone-Bold.ttf */; };
		B639ECE529F2A039007FD55D /* SFProText-Semibold.ttf in Resources */ = {isa = PBXBuildFile; fileRef = B639ECE429F2A039007FD55D /* SFProText-Semibold.ttf */; };
		B65D8EE729F439CD0092425E /* UIcolor + Hex.swift in Sources */ = {isa = PBXBuildFile; fileRef = B65D8EE629F439CD0092425E /* UIcolor + Hex.swift */; };
		B660DF262AD17A19000206A4 /* PaintingsRepository.swift in Sources */ = {isa = PBXBuildFile; fileRef = B660DF252AD17A19000206A4 /* PaintingsRepository.swift */; };
		B66273F62A078BC6008EFA72 /* Paintings.swift in Sources */ = {isa = PBXBuildFile; fileRef = B66273F52A078BC6008EFA72 /* Paintings.swift */; };
		B6721BE329F149B2008436A7 /* Fonts.swift in Sources */ = {isa = PBXBuildFile; fileRef = B6721BE229F149B2008436A7 /* Fonts.swift */; };
		B6721BE529F149C9008436A7 /* Images.swift in Sources */ = {isa = PBXBuildFile; fileRef = B6721BE429F149C9008436A7 /* Images.swift */; };
		B6721BE729F149DA008436A7 /* Colors.swift in Sources */ = {isa = PBXBuildFile; fileRef = B6721BE629F149DA008436A7 /* Colors.swift */; };
		B6721BED29F1646F008436A7 /* Quicksand-VariableFont_wght.ttf in Resources */ = {isa = PBXBuildFile; fileRef = B6721BEC29F1646F008436A7 /* Quicksand-VariableFont_wght.ttf */; };
		B6721BEF29F17F27008436A7 /* Quicksand-Medium.ttf in Resources */ = {isa = PBXBuildFile; fileRef = B6721BEE29F17F27008436A7 /* Quicksand-Medium.ttf */; };
		B6B1A3E529FC0CF400227388 /* CustomTextField.swift in Sources */ = {isa = PBXBuildFile; fileRef = B6B1A3E429FC0CF400227388 /* CustomTextField.swift */; };
		B6B1A3E729FE262700227388 /* UserActionsButtons.swift in Sources */ = {isa = PBXBuildFile; fileRef = B6B1A3E629FE262600227388 /* UserActionsButtons.swift */; };
		B6D24F7D29EAEE060015F5B2 /* AppDelegate.swift in Sources */ = {isa = PBXBuildFile; fileRef = B6D24F7C29EAEE060015F5B2 /* AppDelegate.swift */; };
		B6D24F7F29EAEE060015F5B2 /* SceneDelegate.swift in Sources */ = {isa = PBXBuildFile; fileRef = B6D24F7E29EAEE060015F5B2 /* SceneDelegate.swift */; };
		B6D24F8629EAEE080015F5B2 /* Assets.xcassets in Resources */ = {isa = PBXBuildFile; fileRef = B6D24F8529EAEE080015F5B2 /* Assets.xcassets */; };
		B6D24F8929EAEE090015F5B2 /* LaunchScreen.storyboard in Resources */ = {isa = PBXBuildFile; fileRef = B6D24F8729EAEE090015F5B2 /* LaunchScreen.storyboard */; };
		B6D24F9129EAEF170015F5B2 /* SplashPresenter.swift in Sources */ = {isa = PBXBuildFile; fileRef = B6D24F9029EAEF170015F5B2 /* SplashPresenter.swift */; };
		B6D24F9329EAEFA00015F5B2 /* SplashViewController.swift in Sources */ = {isa = PBXBuildFile; fileRef = B6D24F9229EAEFA00015F5B2 /* SplashViewController.swift */; };
		DED9B8B9C24F1638AA5C6395 /* Pods_SellArt.framework in Frameworks */ = {isa = PBXBuildFile; fileRef = 2D0BF302F73678CCD5F479FD /* Pods_SellArt.framework */; };
/* End PBXBuildFile section */

/* Begin PBXFileReference section */
		03FD8CC5CD2C7851C7040367 /* Pods-SellArt.debug.xcconfig */ = {isa = PBXFileReference; includeInIndex = 1; lastKnownFileType = text.xcconfig; name = "Pods-SellArt.debug.xcconfig"; path = "Target Support Files/Pods-SellArt/Pods-SellArt.debug.xcconfig"; sourceTree = "<group>"; };
		2D0BF302F73678CCD5F479FD /* Pods_SellArt.framework */ = {isa = PBXFileReference; explicitFileType = wrapper.framework; includeInIndex = 0; path = Pods_SellArt.framework; sourceTree = BUILT_PRODUCTS_DIR; };
		665DACA6FFE58005A2488B02 /* Pods-SellArt.debug.xcconfig */ = {isa = PBXFileReference; includeInIndex = 1; lastKnownFileType = text.xcconfig; name = "Pods-SellArt.debug.xcconfig"; path = "Target Support Files/Pods-SellArt/Pods-SellArt.debug.xcconfig"; sourceTree = "<group>"; };
		88CD09113D918D600A59A6C7 /* Pods-SellArt.release.xcconfig */ = {isa = PBXFileReference; includeInIndex = 1; lastKnownFileType = text.xcconfig; name = "Pods-SellArt.release.xcconfig"; path = "Target Support Files/Pods-SellArt/Pods-SellArt.release.xcconfig"; sourceTree = "<group>"; };
		B353076ABEFDDDE1BBB8C191 /* Pods-SellArt.release.xcconfig */ = {isa = PBXFileReference; includeInIndex = 1; lastKnownFileType = text.xcconfig; name = "Pods-SellArt.release.xcconfig"; path = "Target Support Files/Pods-SellArt/Pods-SellArt.release.xcconfig"; sourceTree = "<group>"; };
		B610C24C29EC464C001AF42B /* ru */ = {isa = PBXFileReference; lastKnownFileType = text.plist.strings; name = ru; path = ru.lproj/LaunchScreen.strings; sourceTree = "<group>"; };
		B610C25129EC4672001AF42B /* en */ = {isa = PBXFileReference; lastKnownFileType = text.plist.strings; name = en; path = en.lproj/Localizable.strings; sourceTree = "<group>"; };
		B610C25329EC4677001AF42B /* ru */ = {isa = PBXFileReference; lastKnownFileType = text.plist.strings; name = ru; path = ru.lproj/Localizable.strings; sourceTree = "<group>"; };
		B610C25429EC526D001AF42B /* Strings.swift */ = {isa = PBXFileReference; lastKnownFileType = sourcecode.swift; path = Strings.swift; sourceTree = "<group>"; };
		B612F1DB29FFEE2F006041CF /* PaintingCollectionViewCell.swift */ = {isa = PBXFileReference; lastKnownFileType = sourcecode.swift; path = PaintingCollectionViewCell.swift; sourceTree = "<group>"; };
		B612F1DE2A02443E006041CF /* MainPresenter.swift */ = {isa = PBXFileReference; lastKnownFileType = sourcecode.swift; path = MainPresenter.swift; sourceTree = "<group>"; };
		B612F1E02A024451006041CF /* MainViewController.swift */ = {isa = PBXFileReference; lastKnownFileType = sourcecode.swift; path = MainViewController.swift; sourceTree = "<group>"; };
		B612F1E22A02446C006041CF /* MainModuleBilder.swift */ = {isa = PBXFileReference; lastKnownFileType = sourcecode.swift; path = MainModuleBilder.swift; sourceTree = "<group>"; };
		B614025629EB027F0044DA2D /* SplashModuleBuilder.swift */ = {isa = PBXFileReference; lastKnownFileType = sourcecode.swift; path = SplashModuleBuilder.swift; sourceTree = "<group>"; };
		B617893B29F7D9400085E079 /* CustomButton.swift */ = {isa = PBXFileReference; lastKnownFileType = sourcecode.swift; path = CustomButton.swift; sourceTree = "<group>"; };
		B639ECE029F298CE007FD55D /* RFTone-Regular.ttf */ = {isa = PBXFileReference; lastKnownFileType = file; path = "RFTone-Regular.ttf"; sourceTree = "<group>"; };
		B639ECE229F29D3A007FD55D /* RFTone-Bold.ttf */ = {isa = PBXFileReference; lastKnownFileType = file; path = "RFTone-Bold.ttf"; sourceTree = "<group>"; };
		B639ECE429F2A039007FD55D /* SFProText-Semibold.ttf */ = {isa = PBXFileReference; lastKnownFileType = file; path = "SFProText-Semibold.ttf"; sourceTree = "<group>"; };
		B65D8EE629F439CD0092425E /* UIcolor + Hex.swift */ = {isa = PBXFileReference; lastKnownFileType = sourcecode.swift; path = "UIcolor + Hex.swift"; sourceTree = "<group>"; };
		B660DF252AD17A19000206A4 /* PaintingsRepository.swift */ = {isa = PBXFileReference; lastKnownFileType = sourcecode.swift; path = PaintingsRepository.swift; sourceTree = "<group>"; };
		B66273F52A078BC6008EFA72 /* Paintings.swift */ = {isa = PBXFileReference; lastKnownFileType = sourcecode.swift; path = Paintings.swift; sourceTree = "<group>"; };
		B6721BE229F149B2008436A7 /* Fonts.swift */ = {isa = PBXFileReference; lastKnownFileType = sourcecode.swift; path = Fonts.swift; sourceTree = "<group>"; };
		B6721BE429F149C9008436A7 /* Images.swift */ = {isa = PBXFileReference; lastKnownFileType = sourcecode.swift; path = Images.swift; sourceTree = "<group>"; };
		B6721BE629F149DA008436A7 /* Colors.swift */ = {isa = PBXFileReference; lastKnownFileType = sourcecode.swift; path = Colors.swift; sourceTree = "<group>"; };
		B6721BEC29F1646F008436A7 /* Quicksand-VariableFont_wght.ttf */ = {isa = PBXFileReference; lastKnownFileType = file; path = "Quicksand-VariableFont_wght.ttf"; sourceTree = "<group>"; };
		B6721BEE29F17F27008436A7 /* Quicksand-Medium.ttf */ = {isa = PBXFileReference; lastKnownFileType = file; path = "Quicksand-Medium.ttf"; sourceTree = "<group>"; };
		B6B1A3E429FC0CF400227388 /* CustomTextField.swift */ = {isa = PBXFileReference; lastKnownFileType = sourcecode.swift; path = CustomTextField.swift; sourceTree = "<group>"; };
		B6B1A3E629FE262600227388 /* UserActionsButtons.swift */ = {isa = PBXFileReference; lastKnownFileType = sourcecode.swift; path = UserActionsButtons.swift; sourceTree = "<group>"; };
		B6D24F7929EAEE060015F5B2 /* SellArt.app */ = {isa = PBXFileReference; explicitFileType = wrapper.application; includeInIndex = 0; path = SellArt.app; sourceTree = BUILT_PRODUCTS_DIR; };
		B6D24F7C29EAEE060015F5B2 /* AppDelegate.swift */ = {isa = PBXFileReference; lastKnownFileType = sourcecode.swift; path = AppDelegate.swift; sourceTree = "<group>"; };
		B6D24F7E29EAEE060015F5B2 /* SceneDelegate.swift */ = {isa = PBXFileReference; lastKnownFileType = sourcecode.swift; path = SceneDelegate.swift; sourceTree = "<group>"; };
		B6D24F8529EAEE080015F5B2 /* Assets.xcassets */ = {isa = PBXFileReference; lastKnownFileType = folder.assetcatalog; path = Assets.xcassets; sourceTree = "<group>"; };
		B6D24F8829EAEE090015F5B2 /* Base */ = {isa = PBXFileReference; lastKnownFileType = file.storyboard; name = Base; path = Base.lproj/LaunchScreen.storyboard; sourceTree = "<group>"; };
		B6D24F8A29EAEE090015F5B2 /* Info.plist */ = {isa = PBXFileReference; lastKnownFileType = text.plist.xml; path = Info.plist; sourceTree = "<group>"; };
		B6D24F9029EAEF170015F5B2 /* SplashPresenter.swift */ = {isa = PBXFileReference; lastKnownFileType = sourcecode.swift; path = SplashPresenter.swift; sourceTree = "<group>"; };
		B6D24F9229EAEFA00015F5B2 /* SplashViewController.swift */ = {isa = PBXFileReference; lastKnownFileType = sourcecode.swift; path = SplashViewController.swift; sourceTree = "<group>"; };
/* End PBXFileReference section */

/* Begin PBXFrameworksBuildPhase section */
		B6D24F7629EAEE060015F5B2 /* Frameworks */ = {
			isa = PBXFrameworksBuildPhase;
			buildActionMask = 2147483647;
			files = (
				DED9B8B9C24F1638AA5C6395 /* Pods_SellArt.framework in Frameworks */,
			);
			runOnlyForDeploymentPostprocessing = 0;
		};
/* End PBXFrameworksBuildPhase section */

/* Begin PBXGroup section */
		28716DFCF2D8D8CC30FCD927 /* Pods */ = {
			isa = PBXGroup;
			children = (
				03FD8CC5CD2C7851C7040367 /* Pods-SellArt.debug.xcconfig */,
				88CD09113D918D600A59A6C7 /* Pods-SellArt.release.xcconfig */,
			);
			path = Pods;
			sourceTree = "<group>";
		};
		388535F401F432409F4A6D83 /* Pods */ = {
			isa = PBXGroup;
			children = (
				665DACA6FFE58005A2488B02 /* Pods-SellArt.debug.xcconfig */,
				B353076ABEFDDDE1BBB8C191 /* Pods-SellArt.release.xcconfig */,
			);
			path = Pods;
			sourceTree = "<group>";
		};
		B610C24D29EC4657001AF42B /* Strings */ = {
			isa = PBXGroup;
			children = (
				B610C25229EC4672001AF42B /* Localizable.strings */,
				B610C25429EC526D001AF42B /* Strings.swift */,
			);
			path = Strings;
			sourceTree = "<group>";
		};
		B612F1DA29FFEDD5006041CF /* Cells */ = {
			isa = PBXGroup;
			children = (
				B612F1DB29FFEE2F006041CF /* PaintingCollectionViewCell.swift */,
			);
			path = Cells;
			sourceTree = "<group>";
		};
		B612F1DD2A0240CB006041CF /* Main */ = {
			isa = PBXGroup;
			children = (
				B612F1DE2A02443E006041CF /* MainPresenter.swift */,
				B612F1E02A024451006041CF /* MainViewController.swift */,
				B612F1E22A02446C006041CF /* MainModuleBilder.swift */,
				B6856CF72ACD68F600AF63FC /* TempFeature */,
				B614025E29EB08C00044DA2D /* Splash */,
			);
			path = Main;
			sourceTree = "<group>";
		};
		B614025829EB08290044DA2D /* Resourses */ = {
			isa = PBXGroup;
			children = (
				B6721BEB29F16459008436A7 /* Fonts */,
				B610C24D29EC4657001AF42B /* Strings */,
				B6D24F8729EAEE090015F5B2 /* LaunchScreen.storyboard */,
				B6D24F8529EAEE080015F5B2 /* Assets.xcassets */,
				B6721BE429F149C9008436A7 /* Images.swift */,
				B6721BE629F149DA008436A7 /* Colors.swift */,
			);
			path = Resourses;
			sourceTree = "<group>";
		};
		B614025929EB084E0044DA2D /* Source */ = {
			isa = PBXGroup;
			children = (
				B660DF232AD17943000206A4 /* Feature */,
				B614025A29EB086B0044DA2D /* Infrastructure */,
				B614025C29EB08A60044DA2D /* Presentation */,
			);
			path = Source;
			sourceTree = "<group>";
		};
		B614025A29EB086B0044DA2D /* Infrastructure */ = {
			isa = PBXGroup;
			children = (
				B614025B29EB08850044DA2D /* Application */,
				B65D8EE529F439840092425E /* Extensions */,
			);
			path = Infrastructure;
			sourceTree = "<group>";
		};
		B614025B29EB08850044DA2D /* Application */ = {
			isa = PBXGroup;
			children = (
				B6D24F7C29EAEE060015F5B2 /* AppDelegate.swift */,
				B6D24F7E29EAEE060015F5B2 /* SceneDelegate.swift */,
			);
			path = Application;
			sourceTree = "<group>";
		};
		B614025C29EB08A60044DA2D /* Presentation */ = {
			isa = PBXGroup;
			children = (
				B617893A29F7CF410085E079 /* Views */,
				B614025D29EB08B40044DA2D /* Modules */,
			);
			path = Presentation;
			sourceTree = "<group>";
		};
		B614025D29EB08B40044DA2D /* Modules */ = {
			isa = PBXGroup;
			children = (
				B66273F42A078B1F008EFA72 /* Model */,
				B612F1DD2A0240CB006041CF /* Main */,
			);
			path = Modules;
			sourceTree = "<group>";
		};
		B614025E29EB08C00044DA2D /* Splash */ = {
			isa = PBXGroup;
			children = (
				B6D24F9029EAEF170015F5B2 /* SplashPresenter.swift */,
				B6D24F9229EAEFA00015F5B2 /* SplashViewController.swift */,
				B614025629EB027F0044DA2D /* SplashModuleBuilder.swift */,
				28716DFCF2D8D8CC30FCD927 /* Pods */,
				B6D24F7A29EAEE060015F5B2 /* Products */,
			);
			path = Splash;
			sourceTree = "<group>";
		};
		B617893A29F7CF410085E079 /* Views */ = {
			isa = PBXGroup;
			children = (
				B6B1A3E429FC0CF400227388 /* CustomTextField.swift */,
				B617893B29F7D9400085E079 /* CustomButton.swift */,
				B6B1A3E629FE262600227388 /* UserActionsButtons.swift */,
				B612F1DA29FFEDD5006041CF /* Cells */,
			);
			path = Views;
			sourceTree = "<group>";
		};
		B65D8EE529F439840092425E /* Extensions */ = {
			isa = PBXGroup;
			children = (
				B65D8EE629F439CD0092425E /* UIcolor + Hex.swift */,
			);
			path = Extensions;
			sourceTree = "<group>";
		};
		B660DF232AD17943000206A4 /* Feature */ = {
			isa = PBXGroup;
			children = (
				B660DF242AD179E0000206A4 /* MainScreenContentFeature */,
			);
			path = Feature;
			sourceTree = "<group>";
		};
		B660DF242AD179E0000206A4 /* MainScreenContentFeature */ = {
			isa = PBXGroup;
			children = (
				B660DF252AD17A19000206A4 /* PaintingsRepository.swift */,
			);
			path = MainScreenContentFeature;
			sourceTree = "<group>";
		};
		B66273F42A078B1F008EFA72 /* Model */ = {
			isa = PBXGroup;
			children = (
			);
			path = Model;
			sourceTree = "<group>";
		};
		B6721BEB29F16459008436A7 /* Fonts */ = {
			isa = PBXGroup;
			children = (
				B6721BE229F149B2008436A7 /* Fonts.swift */,
				B6721BEC29F1646F008436A7 /* Quicksand-VariableFont_wght.ttf */,
				B6721BEE29F17F27008436A7 /* Quicksand-Medium.ttf */,
				B639ECE029F298CE007FD55D /* RFTone-Regular.ttf */,
				B639ECE229F29D3A007FD55D /* RFTone-Bold.ttf */,
				B639ECE429F2A039007FD55D /* SFProText-Semibold.ttf */,
			);
			path = Fonts;
			sourceTree = "<group>";
		};
		B6856CF72ACD68F600AF63FC /* TempFeature */ = {
			isa = PBXGroup;
			children = (
				B66273F52A078BC6008EFA72 /* Paintings.swift */,
			);
			path = TempFeature;
			sourceTree = "<group>";
		};
		B6D24F7029EAEE060015F5B2 = {
			isa = PBXGroup;
			children = (
				B6D24F7B29EAEE060015F5B2 /* SellArt */,
				E344140CA9EA9BE12E02B1A6 /* Frameworks */,
				388535F401F432409F4A6D83 /* Pods */,
			);
			sourceTree = "<group>";
		};
		B6D24F7A29EAEE060015F5B2 /* Products */ = {
			isa = PBXGroup;
			children = (
				B6D24F7929EAEE060015F5B2 /* SellArt.app */,
			);
			name = Products;
			path = ../../../../../..;
			sourceTree = "<group>";
		};
		B6D24F7B29EAEE060015F5B2 /* SellArt */ = {
			isa = PBXGroup;
			children = (
				B6D24F8A29EAEE090015F5B2 /* Info.plist */,
				B614025829EB08290044DA2D /* Resourses */,
				B614025929EB084E0044DA2D /* Source */,
			);
			path = SellArt;
			sourceTree = "<group>";
		};
		E344140CA9EA9BE12E02B1A6 /* Frameworks */ = {
			isa = PBXGroup;
			children = (
				2D0BF302F73678CCD5F479FD /* Pods_SellArt.framework */,
			);
			name = Frameworks;
			sourceTree = "<group>";
		};
/* End PBXGroup section */

/* Begin PBXNativeTarget section */
		B6D24F7829EAEE060015F5B2 /* SellArt */ = {
			isa = PBXNativeTarget;
			buildConfigurationList = B6D24F8D29EAEE090015F5B2 /* Build configuration list for PBXNativeTarget "SellArt" */;
			buildPhases = (
				143A3AB37E657616BAA9218B /* [CP] Check Pods Manifest.lock */,
				B6721BE129F14368008436A7 /* ShellScript */,
				B6D24F7529EAEE060015F5B2 /* Sources */,
				B6D24F7629EAEE060015F5B2 /* Frameworks */,
				B6D24F7729EAEE060015F5B2 /* Resources */,
			);
			buildRules = (
			);
			dependencies = (
			);
			name = SellArt;
			productName = SellArt;
			productReference = B6D24F7929EAEE060015F5B2 /* SellArt.app */;
			productType = "com.apple.product-type.application";
		};
/* End PBXNativeTarget section */

/* Begin PBXProject section */
		B6D24F7129EAEE060015F5B2 /* Project object */ = {
			isa = PBXProject;
			attributes = {
				BuildIndependentTargetsInParallel = 1;
				LastSwiftUpdateCheck = 1420;
				LastUpgradeCheck = 1420;
				TargetAttributes = {
					B6D24F7829EAEE060015F5B2 = {
						CreatedOnToolsVersion = 14.2;
					};
				};
			};
			buildConfigurationList = B6D24F7429EAEE060015F5B2 /* Build configuration list for PBXProject "SellArt" */;
			compatibilityVersion = "Xcode 14.0";
			developmentRegion = en;
			hasScannedForEncodings = 0;
			knownRegions = (
				en,
				Base,
				ru,
			);
			mainGroup = B6D24F7029EAEE060015F5B2;
			productRefGroup = B6D24F7A29EAEE060015F5B2 /* Products */;
			projectDirPath = "";
			projectRoot = "";
			targets = (
				B6D24F7829EAEE060015F5B2 /* SellArt */,
			);
		};
/* End PBXProject section */

/* Begin PBXResourcesBuildPhase section */
		B6D24F7729EAEE060015F5B2 /* Resources */ = {
			isa = PBXResourcesBuildPhase;
			buildActionMask = 2147483647;
			files = (
				B6D24F8929EAEE090015F5B2 /* LaunchScreen.storyboard in Resources */,
				B639ECE129F298CE007FD55D /* RFTone-Regular.ttf in Resources */,
				B6721BED29F1646F008436A7 /* Quicksand-VariableFont_wght.ttf in Resources */,
				B610C25029EC4672001AF42B /* Localizable.strings in Resources */,
				B6D24F8629EAEE080015F5B2 /* Assets.xcassets in Resources */,
				B639ECE529F2A039007FD55D /* SFProText-Semibold.ttf in Resources */,
				B639ECE329F29D3B007FD55D /* RFTone-Bold.ttf in Resources */,
				B6721BEF29F17F27008436A7 /* Quicksand-Medium.ttf in Resources */,
			);
			runOnlyForDeploymentPostprocessing = 0;
		};
/* End PBXResourcesBuildPhase section */

/* Begin PBXShellScriptBuildPhase section */
		143A3AB37E657616BAA9218B /* [CP] Check Pods Manifest.lock */ = {
			isa = PBXShellScriptBuildPhase;
			buildActionMask = 2147483647;
			files = (
			);
			inputFileListPaths = (
			);
			inputPaths = (
				"${PODS_PODFILE_DIR_PATH}/Podfile.lock",
				"${PODS_ROOT}/Manifest.lock",
			);
			name = "[CP] Check Pods Manifest.lock";
			outputFileListPaths = (
			);
			outputPaths = (
				"$(DERIVED_FILE_DIR)/Pods-SellArt-checkManifestLockResult.txt",
			);
			runOnlyForDeploymentPostprocessing = 0;
			shellPath = /bin/sh;
			shellScript = "diff \"${PODS_PODFILE_DIR_PATH}/Podfile.lock\" \"${PODS_ROOT}/Manifest.lock\" > /dev/null\nif [ $? != 0 ] ; then\n    # print error to STDERR\n    echo \"error: The sandbox is not in sync with the Podfile.lock. Run 'pod install' or update your CocoaPods installation.\" >&2\n    exit 1\nfi\n# This output is used by Xcode 'outputs' to avoid re-running this script phase.\necho \"SUCCESS\" > \"${SCRIPT_OUTPUT_FILE_0}\"\n";
			showEnvVarsInLog = 0;
		};
		B6721BE129F14368008436A7 /* ShellScript */ = {
			isa = PBXShellScriptBuildPhase;
			alwaysOutOfDate = 1;
			buildActionMask = 2147483647;
			files = (
			);
			inputFileListPaths = (
			);
			inputPaths = (
			);
			outputFileListPaths = (
			);
			outputPaths = (
			);
			runOnlyForDeploymentPostprocessing = 0;
			shellPath = /bin/sh;
			shellScript = "\"${PODS_ROOT}/SwiftLint/swiftlint\"\n";
		};
/* End PBXShellScriptBuildPhase section */

/* Begin PBXSourcesBuildPhase section */
		B6D24F7529EAEE060015F5B2 /* Sources */ = {
			isa = PBXSourcesBuildPhase;
			buildActionMask = 2147483647;
			files = (
				B6721BE329F149B2008436A7 /* Fonts.swift in Sources */,
				B6721BE729F149DA008436A7 /* Colors.swift in Sources */,
				B6D24F7D29EAEE060015F5B2 /* AppDelegate.swift in Sources */,
				B6D24F7F29EAEE060015F5B2 /* SceneDelegate.swift in Sources */,
				B660DF262AD17A19000206A4 /* PaintingsRepository.swift in Sources */,
				B6D24F9129EAEF170015F5B2 /* SplashPresenter.swift in Sources */,
				B65D8EE729F439CD0092425E /* UIcolor + Hex.swift in Sources */,
				B6D24F9329EAEFA00015F5B2 /* SplashViewController.swift in Sources */,
				B612F1E12A024451006041CF /* MainViewController.swift in Sources */,
				B6721BE529F149C9008436A7 /* Images.swift in Sources */,
				B610C25529EC526D001AF42B /* Strings.swift in Sources */,
				B614025729EB027F0044DA2D /* SplashModuleBuilder.swift in Sources */,
				B612F1DF2A02443E006041CF /* MainPresenter.swift in Sources */,
				B617893C29F7D9410085E079 /* CustomButton.swift in Sources */,
				B6B1A3E729FE262700227388 /* UserActionsButtons.swift in Sources */,
				B612F1DC29FFEE2F006041CF /* PaintingCollectionViewCell.swift in Sources */,
				B66273F62A078BC6008EFA72 /* Paintings.swift in Sources */,
				B612F1E32A02446C006041CF /* MainModuleBilder.swift in Sources */,
				B6B1A3E529FC0CF400227388 /* CustomTextField.swift in Sources */,
			);
			runOnlyForDeploymentPostprocessing = 0;
		};
/* End PBXSourcesBuildPhase section */

/* Begin PBXVariantGroup section */
		B610C25229EC4672001AF42B /* Localizable.strings */ = {
			isa = PBXVariantGroup;
			children = (
				B610C25129EC4672001AF42B /* en */,
				B610C25329EC4677001AF42B /* ru */,
			);
			name = Localizable.strings;
			sourceTree = "<group>";
		};
		B6D24F8729EAEE090015F5B2 /* LaunchScreen.storyboard */ = {
			isa = PBXVariantGroup;
			children = (
				B6D24F8829EAEE090015F5B2 /* Base */,
				B610C24C29EC464C001AF42B /* ru */,
			);
			name = LaunchScreen.storyboard;
			sourceTree = "<group>";
		};
/* End PBXVariantGroup section */

/* Begin XCBuildConfiguration section */
		B6D24F8B29EAEE090015F5B2 /* Debug */ = {
			isa = XCBuildConfiguration;
			buildSettings = {
				ALWAYS_SEARCH_USER_PATHS = NO;
				CLANG_ANALYZER_LOCALIZABILITY_NONLOCALIZED = YES;
				CLANG_ANALYZER_NONNULL = YES;
				CLANG_ANALYZER_NUMBER_OBJECT_CONVERSION = YES_AGGRESSIVE;
				CLANG_CXX_LANGUAGE_STANDARD = "gnu++20";
				CLANG_ENABLE_MODULES = YES;
				CLANG_ENABLE_OBJC_ARC = YES;
				CLANG_ENABLE_OBJC_WEAK = YES;
				CLANG_WARN_BLOCK_CAPTURE_AUTORELEASING = YES;
				CLANG_WARN_BOOL_CONVERSION = YES;
				CLANG_WARN_COMMA = YES;
				CLANG_WARN_CONSTANT_CONVERSION = YES;
				CLANG_WARN_DEPRECATED_OBJC_IMPLEMENTATIONS = YES;
				CLANG_WARN_DIRECT_OBJC_ISA_USAGE = YES_ERROR;
				CLANG_WARN_DOCUMENTATION_COMMENTS = YES;
				CLANG_WARN_EMPTY_BODY = YES;
				CLANG_WARN_ENUM_CONVERSION = YES;
				CLANG_WARN_INFINITE_RECURSION = YES;
				CLANG_WARN_INT_CONVERSION = YES;
				CLANG_WARN_NON_LITERAL_NULL_CONVERSION = YES;
				CLANG_WARN_OBJC_IMPLICIT_RETAIN_SELF = YES;
				CLANG_WARN_OBJC_LITERAL_CONVERSION = YES;
				CLANG_WARN_OBJC_ROOT_CLASS = YES_ERROR;
				CLANG_WARN_QUOTED_INCLUDE_IN_FRAMEWORK_HEADER = YES;
				CLANG_WARN_RANGE_LOOP_ANALYSIS = YES;
				CLANG_WARN_STRICT_PROTOTYPES = YES;
				CLANG_WARN_SUSPICIOUS_MOVE = YES;
				CLANG_WARN_UNGUARDED_AVAILABILITY = YES_AGGRESSIVE;
				CLANG_WARN_UNREACHABLE_CODE = YES;
				CLANG_WARN__DUPLICATE_METHOD_MATCH = YES;
				COPY_PHASE_STRIP = NO;
				DEBUG_INFORMATION_FORMAT = dwarf;
				ENABLE_STRICT_OBJC_MSGSEND = YES;
				ENABLE_TESTABILITY = YES;
				GCC_C_LANGUAGE_STANDARD = gnu11;
				GCC_DYNAMIC_NO_PIC = NO;
				GCC_NO_COMMON_BLOCKS = YES;
				GCC_OPTIMIZATION_LEVEL = 0;
				GCC_PREPROCESSOR_DEFINITIONS = (
					"DEBUG=1",
					"$(inherited)",
				);
				GCC_WARN_64_TO_32_BIT_CONVERSION = YES;
				GCC_WARN_ABOUT_RETURN_TYPE = YES_ERROR;
				GCC_WARN_UNDECLARED_SELECTOR = YES;
				GCC_WARN_UNINITIALIZED_AUTOS = YES_AGGRESSIVE;
				GCC_WARN_UNUSED_FUNCTION = YES;
				GCC_WARN_UNUSED_VARIABLE = YES;
				IPHONEOS_DEPLOYMENT_TARGET = 16.2;
				MTL_ENABLE_DEBUG_INFO = INCLUDE_SOURCE;
				MTL_FAST_MATH = YES;
				ONLY_ACTIVE_ARCH = YES;
				SDKROOT = iphoneos;
				SWIFT_ACTIVE_COMPILATION_CONDITIONS = DEBUG;
				SWIFT_OPTIMIZATION_LEVEL = "-Onone";
			};
			name = Debug;
		};
		B6D24F8C29EAEE090015F5B2 /* Release */ = {
			isa = XCBuildConfiguration;
			buildSettings = {
				ALWAYS_SEARCH_USER_PATHS = NO;
				CLANG_ANALYZER_LOCALIZABILITY_NONLOCALIZED = YES;
				CLANG_ANALYZER_NONNULL = YES;
				CLANG_ANALYZER_NUMBER_OBJECT_CONVERSION = YES_AGGRESSIVE;
				CLANG_CXX_LANGUAGE_STANDARD = "gnu++20";
				CLANG_ENABLE_MODULES = YES;
				CLANG_ENABLE_OBJC_ARC = YES;
				CLANG_ENABLE_OBJC_WEAK = YES;
				CLANG_WARN_BLOCK_CAPTURE_AUTORELEASING = YES;
				CLANG_WARN_BOOL_CONVERSION = YES;
				CLANG_WARN_COMMA = YES;
				CLANG_WARN_CONSTANT_CONVERSION = YES;
				CLANG_WARN_DEPRECATED_OBJC_IMPLEMENTATIONS = YES;
				CLANG_WARN_DIRECT_OBJC_ISA_USAGE = YES_ERROR;
				CLANG_WARN_DOCUMENTATION_COMMENTS = YES;
				CLANG_WARN_EMPTY_BODY = YES;
				CLANG_WARN_ENUM_CONVERSION = YES;
				CLANG_WARN_INFINITE_RECURSION = YES;
				CLANG_WARN_INT_CONVERSION = YES;
				CLANG_WARN_NON_LITERAL_NULL_CONVERSION = YES;
				CLANG_WARN_OBJC_IMPLICIT_RETAIN_SELF = YES;
				CLANG_WARN_OBJC_LITERAL_CONVERSION = YES;
				CLANG_WARN_OBJC_ROOT_CLASS = YES_ERROR;
				CLANG_WARN_QUOTED_INCLUDE_IN_FRAMEWORK_HEADER = YES;
				CLANG_WARN_RANGE_LOOP_ANALYSIS = YES;
				CLANG_WARN_STRICT_PROTOTYPES = YES;
				CLANG_WARN_SUSPICIOUS_MOVE = YES;
				CLANG_WARN_UNGUARDED_AVAILABILITY = YES_AGGRESSIVE;
				CLANG_WARN_UNREACHABLE_CODE = YES;
				CLANG_WARN__DUPLICATE_METHOD_MATCH = YES;
				COPY_PHASE_STRIP = NO;
				DEBUG_INFORMATION_FORMAT = "dwarf-with-dsym";
				ENABLE_NS_ASSERTIONS = NO;
				ENABLE_STRICT_OBJC_MSGSEND = YES;
				GCC_C_LANGUAGE_STANDARD = gnu11;
				GCC_NO_COMMON_BLOCKS = YES;
				GCC_WARN_64_TO_32_BIT_CONVERSION = YES;
				GCC_WARN_ABOUT_RETURN_TYPE = YES_ERROR;
				GCC_WARN_UNDECLARED_SELECTOR = YES;
				GCC_WARN_UNINITIALIZED_AUTOS = YES_AGGRESSIVE;
				GCC_WARN_UNUSED_FUNCTION = YES;
				GCC_WARN_UNUSED_VARIABLE = YES;
				IPHONEOS_DEPLOYMENT_TARGET = 16.2;
				MTL_ENABLE_DEBUG_INFO = NO;
				MTL_FAST_MATH = YES;
				SDKROOT = iphoneos;
				SWIFT_COMPILATION_MODE = wholemodule;
				SWIFT_OPTIMIZATION_LEVEL = "-O";
				VALIDATE_PRODUCT = YES;
			};
			name = Release;
		};
		B6D24F8E29EAEE090015F5B2 /* Debug */ = {
			isa = XCBuildConfiguration;
			baseConfigurationReference = 03FD8CC5CD2C7851C7040367 /* Pods-SellArt.debug.xcconfig */;
			buildSettings = {
				ASSETCATALOG_COMPILER_APPICON_NAME = AppIcon;
				ASSETCATALOG_COMPILER_GLOBAL_ACCENT_COLOR_NAME = AccentColor;
				CODE_SIGN_STYLE = Automatic;
				CURRENT_PROJECT_VERSION = 1;
				GENERATE_INFOPLIST_FILE = YES;
				INFOPLIST_FILE = SellArt/Info.plist;
				INFOPLIST_KEY_UIApplicationSupportsIndirectInputEvents = YES;
				INFOPLIST_KEY_UILaunchStoryboardName = LaunchScreen;
				INFOPLIST_KEY_UISupportedInterfaceOrientations_iPad = "UIInterfaceOrientationPortrait UIInterfaceOrientationPortraitUpsideDown UIInterfaceOrientationLandscapeLeft UIInterfaceOrientationLandscapeRight";
				INFOPLIST_KEY_UISupportedInterfaceOrientations_iPhone = "UIInterfaceOrientationPortrait UIInterfaceOrientationLandscapeLeft UIInterfaceOrientationLandscapeRight";
				LD_RUNPATH_SEARCH_PATHS = (
					"$(inherited)",
					"@executable_path/Frameworks",
				);
				MARKETING_VERSION = 1.0;
				PRODUCT_BUNDLE_IDENTIFIER = abc.SellArt;
				PRODUCT_NAME = "$(TARGET_NAME)";
				SWIFT_EMIT_LOC_STRINGS = YES;
				SWIFT_VERSION = 5.0;
				TARGETED_DEVICE_FAMILY = "1,2";
			};
			name = Debug;
		};
		B6D24F8F29EAEE090015F5B2 /* Release */ = {
			isa = XCBuildConfiguration;
			baseConfigurationReference = 88CD09113D918D600A59A6C7 /* Pods-SellArt.release.xcconfig */;
			buildSettings = {
				ASSETCATALOG_COMPILER_APPICON_NAME = AppIcon;
				ASSETCATALOG_COMPILER_GLOBAL_ACCENT_COLOR_NAME = AccentColor;
				CODE_SIGN_STYLE = Automatic;
				CURRENT_PROJECT_VERSION = 1;
				GENERATE_INFOPLIST_FILE = YES;
				INFOPLIST_FILE = SellArt/Info.plist;
				INFOPLIST_KEY_UIApplicationSupportsIndirectInputEvents = YES;
				INFOPLIST_KEY_UILaunchStoryboardName = LaunchScreen;
				INFOPLIST_KEY_UISupportedInterfaceOrientations_iPad = "UIInterfaceOrientationPortrait UIInterfaceOrientationPortraitUpsideDown UIInterfaceOrientationLandscapeLeft UIInterfaceOrientationLandscapeRight";
				INFOPLIST_KEY_UISupportedInterfaceOrientations_iPhone = "UIInterfaceOrientationPortrait UIInterfaceOrientationLandscapeLeft UIInterfaceOrientationLandscapeRight";
				LD_RUNPATH_SEARCH_PATHS = (
					"$(inherited)",
					"@executable_path/Frameworks",
				);
				MARKETING_VERSION = 1.0;
				PRODUCT_BUNDLE_IDENTIFIER = abc.SellArt;
				PRODUCT_NAME = "$(TARGET_NAME)";
				SWIFT_EMIT_LOC_STRINGS = YES;
				SWIFT_VERSION = 5.0;
				TARGETED_DEVICE_FAMILY = "1,2";
			};
			name = Release;
		};
/* End XCBuildConfiguration section */

/* Begin XCConfigurationList section */
		B6D24F7429EAEE060015F5B2 /* Build configuration list for PBXProject "SellArt" */ = {
			isa = XCConfigurationList;
			buildConfigurations = (
				B6D24F8B29EAEE090015F5B2 /* Debug */,
				B6D24F8C29EAEE090015F5B2 /* Release */,
			);
			defaultConfigurationIsVisible = 0;
			defaultConfigurationName = Release;
		};
		B6D24F8D29EAEE090015F5B2 /* Build configuration list for PBXNativeTarget "SellArt" */ = {
			isa = XCConfigurationList;
			buildConfigurations = (
				B6D24F8E29EAEE090015F5B2 /* Debug */,
				B6D24F8F29EAEE090015F5B2 /* Release */,
			);
			defaultConfigurationIsVisible = 0;
			defaultConfigurationName = Release;
		};
/* End XCConfigurationList section */
	};
	rootObject = B6D24F7129EAEE060015F5B2 /* Project object */;
}
